
Microsoft Visual Studio Solution File, Format Version 12.00
# Visual Studio Version 17
VisualStudioVersion = 17.11.35312.102
MinimumVisualStudioVersion = 10.0.40219.1
Project("{FAE04EC0-301F-11D3-BF4B-00C04F79EFBC}") = "CSharpTest1_SayaniSikder", "CSharpTest1_SayaniSikder.csproj", "{13A70E34-3362-438C-B85A-C0146DD6DE96}"
EndProject
Global
	GlobalSection(SolutionConfigurationPlatforms) = preSolution
		Debug|Any CPU = Debug|Any CPU
		Release|Any CPU = Release|Any CPU
	EndGlobalSection
	GlobalSection(ProjectConfigurationPlatforms) = postSolution
		{13A70E34-3362-438C-B85A-C0146DD6DE96}.Debug|Any CPU.ActiveCfg = Debug|Any CPU
		{13A70E34-3362-438C-B85A-C0146DD6DE96}.Debug|Any CPU.Build.0 = Debug|Any CPU
		{13A70E34-3362-438C-B85A-C0146DD6DE96}.Release|Any CPU.ActiveCfg = Release|Any CPU
		{13A70E34-3362-438C-B85A-C0146DD6DE96}.Release|Any CPU.Build.0 = Release|Any CPU
	EndGlobalSection
	GlobalSection(SolutionProperties) = preSolution
		HideSolutionNode = FALSE
	EndGlobalSection
	GlobalSection(ExtensibilityGlobals) = postSolution
		SolutionGuid = {01DA2E9E-218D-4001-9678-30EB5D591DD1}
	EndGlobalSection
EndGlobal
