
Microsoft Visual Studio Solution File, Format Version 12.00
# Visual Studio Version 17
VisualStudioVersion = 17.11.35312.102
MinimumVisualStudioVersion = 10.0.40219.1
Project("{FAE04EC0-301F-11D3-BF4B-00C04F79EFBC}") = "Test2_Program6", "Test2_Program6.csproj", "{B813DDAF-BB64-46DE-B3A9-5706C6491E91}"
EndProject
Global
	GlobalSection(SolutionConfigurationPlatforms) = preSolution
		Debug|Any CPU = Debug|Any CPU
		Release|Any CPU = Release|Any CPU
	EndGlobalSection
	GlobalSection(ProjectConfigurationPlatforms) = postSolution
		{B813DDAF-BB64-46DE-B3A9-5706C6491E91}.Debug|Any CPU.ActiveCfg = Debug|Any CPU
		{B813DDAF-BB64-46DE-B3A9-5706C6491E91}.Debug|Any CPU.Build.0 = Debug|Any CPU
		{B813DDAF-BB64-46DE-B3A9-5706C6491E91}.Release|Any CPU.ActiveCfg = Release|Any CPU
		{B813DDAF-BB64-46DE-B3A9-5706C6491E91}.Release|Any CPU.Build.0 = Release|Any CPU
	EndGlobalSection
	GlobalSection(SolutionProperties) = preSolution
		HideSolutionNode = FALSE
	EndGlobalSection
	GlobalSection(ExtensibilityGlobals) = postSolution
		SolutionGuid = {E2427A77-A675-4483-AE86-F64ED68A01F0}
	EndGlobalSection
EndGlobal
