
Microsoft Visual Studio Solution File, Format Version 12.00
# Visual Studio Version 17
VisualStudioVersion = 17.11.35312.102
MinimumVisualStudioVersion = 10.0.40219.1
Project("{FAE04EC0-301F-11D3-BF4B-00C04F79EFBC}") = "Test2_Program3", "Test2_Program3.csproj", "{0482BAAC-EDB4-4119-8B5E-84711C97468A}"
EndProject
Global
	GlobalSection(SolutionConfigurationPlatforms) = preSolution
		Debug|Any CPU = Debug|Any CPU
		Release|Any CPU = Release|Any CPU
	EndGlobalSection
	GlobalSection(ProjectConfigurationPlatforms) = postSolution
		{0482BAAC-EDB4-4119-8B5E-84711C97468A}.Debug|Any CPU.ActiveCfg = Debug|Any CPU
		{0482BAAC-EDB4-4119-8B5E-84711C97468A}.Debug|Any CPU.Build.0 = Debug|Any CPU
		{0482BAAC-EDB4-4119-8B5E-84711C97468A}.Release|Any CPU.ActiveCfg = Release|Any CPU
		{0482BAAC-EDB4-4119-8B5E-84711C97468A}.Release|Any CPU.Build.0 = Release|Any CPU
	EndGlobalSection
	GlobalSection(SolutionProperties) = preSolution
		HideSolutionNode = FALSE
	EndGlobalSection
	GlobalSection(ExtensibilityGlobals) = postSolution
		SolutionGuid = {5CFB4906-86C6-4782-9A62-45FDF669E38A}
	EndGlobalSection
EndGlobal
