
Microsoft Visual Studio Solution File, Format Version 12.00
# Visual Studio Version 17
VisualStudioVersion = 17.11.35327.3
MinimumVisualStudioVersion = 10.0.40219.1
Project("{9A19103F-16F7-4668-BE54-9A1E7A4F7556}") = "WinFormsApp2", "WinFormsApp2.csproj", "{111950C8-834A-46FF-9E12-5B8755F7FCC4}"
EndProject
Global
	GlobalSection(SolutionConfigurationPlatforms) = preSolution
		Debug|Any CPU = Debug|Any CPU
		Release|Any CPU = Release|Any CPU
	EndGlobalSection
	GlobalSection(ProjectConfigurationPlatforms) = postSolution
		{111950C8-834A-46FF-9E12-5B8755F7FCC4}.Debug|Any CPU.ActiveCfg = Debug|Any CPU
		{111950C8-834A-46FF-9E12-5B8755F7FCC4}.Debug|Any CPU.Build.0 = Debug|Any CPU
		{111950C8-834A-46FF-9E12-5B8755F7FCC4}.Release|Any CPU.ActiveCfg = Release|Any CPU
		{111950C8-834A-46FF-9E12-5B8755F7FCC4}.Release|Any CPU.Build.0 = Release|Any CPU
	EndGlobalSection
	GlobalSection(SolutionProperties) = preSolution
		HideSolutionNode = FALSE
	EndGlobalSection
	GlobalSection(ExtensibilityGlobals) = postSolution
		SolutionGuid = {902E4D12-6E55-413A-B2B4-53424CBAB94C}
	EndGlobalSection
EndGlobal
