
Microsoft Visual Studio Solution File, Format Version 12.00
# Visual Studio Version 17
VisualStudioVersion = 17.11.35327.3
MinimumVisualStudioVersion = 10.0.40219.1
Project("{FAE04EC0-301F-11D3-BF4B-00C04F79EFBC}") = "DatabaseFirstApproachWithOneTable", "DatabaseFirstApproachWithOneTable\DatabaseFirstApproachWithOneTable.csproj", "{CAED86A8-CF9F-4937-AD04-2DCB98F804A7}"
EndProject
Global
	GlobalSection(SolutionConfigurationPlatforms) = preSolution
		Debug|Any CPU = Debug|Any CPU
		Release|Any CPU = Release|Any CPU
	EndGlobalSection
	GlobalSection(ProjectConfigurationPlatforms) = postSolution
		{CAED86A8-CF9F-4937-AD04-2DCB98F804A7}.Debug|Any CPU.ActiveCfg = Debug|Any CPU
		{CAED86A8-CF9F-4937-AD04-2DCB98F804A7}.Debug|Any CPU.Build.0 = Debug|Any CPU
		{CAED86A8-CF9F-4937-AD04-2DCB98F804A7}.Release|Any CPU.ActiveCfg = Release|Any CPU
		{CAED86A8-CF9F-4937-AD04-2DCB98F804A7}.Release|Any CPU.Build.0 = Release|Any CPU
	EndGlobalSection
	GlobalSection(SolutionProperties) = preSolution
		HideSolutionNode = FALSE
	EndGlobalSection
	GlobalSection(ExtensibilityGlobals) = postSolution
		SolutionGuid = {67A0A9D1-5B4C-4A88-8C1C-E819484E1A0C}
	EndGlobalSection
EndGlobal
