
Microsoft Visual Studio Solution File, Format Version 12.00
# Visual Studio Version 17
VisualStudioVersion = 17.11.35312.102
MinimumVisualStudioVersion = 10.0.40219.1
Project("{FAE04EC0-301F-11D3-BF4B-00C04F79EFBC}") = "BankAcount", "BankAcount.csproj", "{F2819EA0-AE82-4F8F-A0DD-684C04BD601E}"
EndProject
Global
	GlobalSection(SolutionConfigurationPlatforms) = preSolution
		Debug|Any CPU = Debug|Any CPU
		Release|Any CPU = Release|Any CPU
	EndGlobalSection
	GlobalSection(ProjectConfigurationPlatforms) = postSolution
		{F2819EA0-AE82-4F8F-A0DD-684C04BD601E}.Debug|Any CPU.ActiveCfg = Debug|Any CPU
		{F2819EA0-AE82-4F8F-A0DD-684C04BD601E}.Debug|Any CPU.Build.0 = Debug|Any CPU
		{F2819EA0-AE82-4F8F-A0DD-684C04BD601E}.Release|Any CPU.ActiveCfg = Release|Any CPU
		{F2819EA0-AE82-4F8F-A0DD-684C04BD601E}.Release|Any CPU.Build.0 = Release|Any CPU
	EndGlobalSection
	GlobalSection(SolutionProperties) = preSolution
		HideSolutionNode = FALSE
	EndGlobalSection
	GlobalSection(ExtensibilityGlobals) = postSolution
		SolutionGuid = {22072C4D-D667-451D-AF42-FBB5A9295672}
	EndGlobalSection
EndGlobal
